
Microsoft Visual Studio Solution File, Format Version 12.00
# Visual Studio Version 16
VisualStudioVersion = 16.0.31320.298
MinimumVisualStudioVersion = 10.0.40219.1
Project("{FAE04EC0-301F-11D3-BF4B-00C04F79EFBC}") = "GrpcService.Grpc", "GrpcService.Grpc\GrpcService.Grpc.csproj", "{07B649F8-684D-41A0-AE00-DF345C89DB90}"
EndProject
Project("{FAE04EC0-301F-11D3-BF4B-00C04F79EFBC}") = "GrpcService.Protos", "GrpcService.Protos\GrpcService.Protos.csproj", "{71C50005-E3A1-4D69-94F0-CE533C05FFE1}"
EndProject
Project("{2150E333-8FDC-42A3-9474-1A3956D46DE8}") = "Clients", "Clients", "{C5C47F9E-584B-42B6-A3E9-D7F5D904EE5D}"
EndProject
Project("{FAE04EC0-301F-11D3-BF4B-00C04F79EFBC}") = "GrpcService.Client.NetFramework", "GrpcService.Client.NetFramework\GrpcService.Client.NetFramework.csproj", "{806DC762-C9F3-4E88-95E2-3444ADAC8787}"
EndProject
Project("{FAE04EC0-301F-11D3-BF4B-00C04F79EFBC}") = "GrpcService.Client.NetCore", "GrpcService.Client.NetCore\GrpcService.Client.NetCore.csproj", "{BCEA4FEC-5CB5-4F12-8B16-7F6F5D1A24F2}"
EndProject
Global
	GlobalSection(SolutionConfigurationPlatforms) = preSolution
		Debug|Any CPU = Debug|Any CPU
		Release|Any CPU = Release|Any CPU
	EndGlobalSection
	GlobalSection(ProjectConfigurationPlatforms) = postSolution
		{07B649F8-684D-41A0-AE00-DF345C89DB90}.Debug|Any CPU.ActiveCfg = Debug|Any CPU
		{07B649F8-684D-41A0-AE00-DF345C89DB90}.Debug|Any CPU.Build.0 = Debug|Any CPU
		{07B649F8-684D-41A0-AE00-DF345C89DB90}.Release|Any CPU.ActiveCfg = Release|Any CPU
		{07B649F8-684D-41A0-AE00-DF345C89DB90}.Release|Any CPU.Build.0 = Release|Any CPU
		{71C50005-E3A1-4D69-94F0-CE533C05FFE1}.Debug|Any CPU.ActiveCfg = Debug|Any CPU
		{71C50005-E3A1-4D69-94F0-CE533C05FFE1}.Debug|Any CPU.Build.0 = Debug|Any CPU
		{71C50005-E3A1-4D69-94F0-CE533C05FFE1}.Release|Any CPU.ActiveCfg = Release|Any CPU
		{71C50005-E3A1-4D69-94F0-CE533C05FFE1}.Release|Any CPU.Build.0 = Release|Any CPU
		{806DC762-C9F3-4E88-95E2-3444ADAC8787}.Debug|Any CPU.ActiveCfg = Debug|Any CPU
		{806DC762-C9F3-4E88-95E2-3444ADAC8787}.Debug|Any CPU.Build.0 = Debug|Any CPU
		{806DC762-C9F3-4E88-95E2-3444ADAC8787}.Release|Any CPU.ActiveCfg = Release|Any CPU
		{806DC762-C9F3-4E88-95E2-3444ADAC8787}.Release|Any CPU.Build.0 = Release|Any CPU
		{BCEA4FEC-5CB5-4F12-8B16-7F6F5D1A24F2}.Debug|Any CPU.ActiveCfg = Debug|Any CPU
		{BCEA4FEC-5CB5-4F12-8B16-7F6F5D1A24F2}.Debug|Any CPU.Build.0 = Debug|Any CPU
		{BCEA4FEC-5CB5-4F12-8B16-7F6F5D1A24F2}.Release|Any CPU.ActiveCfg = Release|Any CPU
		{BCEA4FEC-5CB5-4F12-8B16-7F6F5D1A24F2}.Release|Any CPU.Build.0 = Release|Any CPU
	EndGlobalSection
	GlobalSection(SolutionProperties) = preSolution
		HideSolutionNode = FALSE
	EndGlobalSection
	GlobalSection(NestedProjects) = preSolution
		{806DC762-C9F3-4E88-95E2-3444ADAC8787} = {C5C47F9E-584B-42B6-A3E9-D7F5D904EE5D}
		{BCEA4FEC-5CB5-4F12-8B16-7F6F5D1A24F2} = {C5C47F9E-584B-42B6-A3E9-D7F5D904EE5D}
	EndGlobalSection
	GlobalSection(ExtensibilityGlobals) = postSolution
		SolutionGuid = {2490C6DC-759C-423F-845E-431052CA2163}
	EndGlobalSection
EndGlobal
